
Microsoft Visual Studio Solution File, Format Version 12.00
Project("{FAE04EC0-301F-11D3-BF4B-00C04F79EFBC}") = "DndWebApp", "DndWebApp\DndWebApp.csproj", "{108AD353-1326-43BE-A9ED-96AF21FDACA1}"
EndProject
Project("{FAE04EC0-301F-11D3-BF4B-00C04F79EFBC}") = "DndWebApiDb", "DndWebApiDb\DndWebApiDb.csproj", "{0BE3ACEE-491B-482F-932A-05E59E0A3794}"
EndProject
Project("{FAE04EC0-301F-11D3-BF4B-00C04F79EFBC}") = "DndWebApiBusiness", "DndWebApiBusiness\DndWebApiBusiness.csproj", "{ED4A624F-D9AC-4CCF-B124-F728C826C8D3}"
EndProject
Global
	GlobalSection(SolutionConfigurationPlatforms) = preSolution
		Debug|Any CPU = Debug|Any CPU
		Release|Any CPU = Release|Any CPU
	EndGlobalSection
	GlobalSection(ProjectConfigurationPlatforms) = postSolution
		{108AD353-1326-43BE-A9ED-96AF21FDACA1}.Debug|Any CPU.ActiveCfg = Debug|Any CPU
		{108AD353-1326-43BE-A9ED-96AF21FDACA1}.Debug|Any CPU.Build.0 = Debug|Any CPU
		{108AD353-1326-43BE-A9ED-96AF21FDACA1}.Release|Any CPU.ActiveCfg = Release|Any CPU
		{108AD353-1326-43BE-A9ED-96AF21FDACA1}.Release|Any CPU.Build.0 = Release|Any CPU
		{0BE3ACEE-491B-482F-932A-05E59E0A3794}.Debug|Any CPU.ActiveCfg = Debug|Any CPU
		{0BE3ACEE-491B-482F-932A-05E59E0A3794}.Debug|Any CPU.Build.0 = Debug|Any CPU
		{0BE3ACEE-491B-482F-932A-05E59E0A3794}.Release|Any CPU.ActiveCfg = Release|Any CPU
		{0BE3ACEE-491B-482F-932A-05E59E0A3794}.Release|Any CPU.Build.0 = Release|Any CPU
		{ED4A624F-D9AC-4CCF-B124-F728C826C8D3}.Debug|Any CPU.ActiveCfg = Debug|Any CPU
		{ED4A624F-D9AC-4CCF-B124-F728C826C8D3}.Debug|Any CPU.Build.0 = Debug|Any CPU
		{ED4A624F-D9AC-4CCF-B124-F728C826C8D3}.Release|Any CPU.ActiveCfg = Release|Any CPU
		{ED4A624F-D9AC-4CCF-B124-F728C826C8D3}.Release|Any CPU.Build.0 = Release|Any CPU
	EndGlobalSection
EndGlobal
